
Microsoft Visual Studio Solution File, Format Version 12.00
# Visual Studio 15
VisualStudioVersion = 15.0.28307.421
MinimumVisualStudioVersion = 10.0.40219.1
Project("{FAE04EC0-301F-11D3-BF4B-00C04F79EFBC}") = "CrawlProxyIP", "CrawlProxyIP\CrawlProxyIP.csproj", "{B506C6DD-D870-47E3-98D0-4B164F726B50}"
EndProject
Project("{FAE04EC0-301F-11D3-BF4B-00C04F79EFBC}") = "CrawlProxyIPTool", "CrawlProxyIPTool\CrawlProxyIPTool.csproj", "{75BC22AE-0533-41CB-9B6E-5A0062C21238}"
EndProject
Global
	GlobalSection(SolutionConfigurationPlatforms) = preSolution
		Debug|Any CPU = Debug|Any CPU
		Release|Any CPU = Release|Any CPU
	EndGlobalSection
	GlobalSection(ProjectConfigurationPlatforms) = postSolution
		{B506C6DD-D870-47E3-98D0-4B164F726B50}.Debug|Any CPU.ActiveCfg = Debug|Any CPU
		{B506C6DD-D870-47E3-98D0-4B164F726B50}.Debug|Any CPU.Build.0 = Debug|Any CPU
		{B506C6DD-D870-47E3-98D0-4B164F726B50}.Release|Any CPU.ActiveCfg = Release|Any CPU
		{B506C6DD-D870-47E3-98D0-4B164F726B50}.Release|Any CPU.Build.0 = Release|Any CPU
		{75BC22AE-0533-41CB-9B6E-5A0062C21238}.Debug|Any CPU.ActiveCfg = Debug|Any CPU
		{75BC22AE-0533-41CB-9B6E-5A0062C21238}.Debug|Any CPU.Build.0 = Debug|Any CPU
		{75BC22AE-0533-41CB-9B6E-5A0062C21238}.Release|Any CPU.ActiveCfg = Release|Any CPU
		{75BC22AE-0533-41CB-9B6E-5A0062C21238}.Release|Any CPU.Build.0 = Release|Any CPU
	EndGlobalSection
	GlobalSection(SolutionProperties) = preSolution
		HideSolutionNode = FALSE
	EndGlobalSection
	GlobalSection(ExtensibilityGlobals) = postSolution
		SolutionGuid = {9FA7F7E5-F5F1-4DC6-B44D-754A1D5E367B}
	EndGlobalSection
EndGlobal
